
Microsoft Visual Studio Solution File, Format Version 12.00
# Visual Studio 15
VisualStudioVersion = 15.0.27130.2027
MinimumVisualStudioVersion = 10.0.40219.1
Project("{FAE04EC0-301F-11D3-BF4B-00C04F79EFBC}") = "CanvasTest", "CanvasTest\CanvasTest.csproj", "{71137E12-28D0-449E-9606-E0E678970074}"
EndProject
Global
	GlobalSection(SolutionConfigurationPlatforms) = preSolution
		Debug|Any CPU = Debug|Any CPU
		Release|Any CPU = Release|Any CPU
	EndGlobalSection
	GlobalSection(ProjectConfigurationPlatforms) = postSolution
		{71137E12-28D0-449E-9606-E0E678970074}.Debug|Any CPU.ActiveCfg = Debug|Any CPU
		{71137E12-28D0-449E-9606-E0E678970074}.Debug|Any CPU.Build.0 = Debug|Any CPU
		{71137E12-28D0-449E-9606-E0E678970074}.Release|Any CPU.ActiveCfg = Release|Any CPU
		{71137E12-28D0-449E-9606-E0E678970074}.Release|Any CPU.Build.0 = Release|Any CPU
	EndGlobalSection
	GlobalSection(SolutionProperties) = preSolution
		HideSolutionNode = FALSE
	EndGlobalSection
	GlobalSection(ExtensibilityGlobals) = postSolution
		SolutionGuid = {FAAAB0CC-F77D-4BEF-A1E3-3637C2C13126}
	EndGlobalSection
EndGlobal
