<Solution>
  <Folder Name="/Solution Items/">
    <File Path="Directory.Build.props" />
    <File Path="Directory.Packages.props" />
    <File Path="global.json" />
  </Folder>
  <Folder Name="/src/">
    <Project Path="src/Audio/Micser.Audio.csproj" />
    <Project Path="src/DriverUtility/Micser.DriverUtility.csproj" />
    <Project Path="src/Engine/Micser.Engine.csproj" />
    <Project Path="src/Plugins/Main/Micser.Plugins.Main.csproj" />
    <Project Path="src/Shell/Micser.Shell.csproj" />
  </Folder>
  <Folder Name="/tests/">
    <Project Path="tests/Audio/Micser.Audio.Tests.csproj" />
    <Project Path="tests/Engine/Micser.Engine.Tests.csproj" />
  </Folder>
  <Folder Name="/tests/Plugins/">
    <Project Path="tests/Plugins/Main/Micser.Plugins.Main.Tests.csproj" />
  </Folder>
  <Folder Name="/tools/">
    <Project Path="tools/AudioHarness/Micser.AudioHarness.csproj" />
  </Folder>
</Solution>
