
Microsoft Visual Studio Solution File, Format Version 12.00
# Visual Studio Version 16
VisualStudioVersion = 16.0.28803.452
MinimumVisualStudioVersion = 10.0.40219.1
Project("{FAE04EC0-301F-11D3-BF4B-00C04F79EFBC}") = "Micser.App", "Micser.App\Micser.App.csproj", "{80AA2402-DE97-422B-8D56-9C709F38925C}"
	ProjectSection(ProjectDependencies) = postProject
		{6824C944-0750-41D6-898E-F05CDF0FB90A} = {6824C944-0750-41D6-898E-F05CDF0FB90A}
	EndProjectSection
EndProject
Project("{2150E333-8FDC-42A3-9474-1A3956D46DE8}") = "Driver", "Driver", "{C212CC42-E145-4A81-A3FC-47AB12168AE3}"
EndProject
Project("{8BC9CEB8-8B4A-11D0-8D11-00A0C91BC942}") = "Micser.Vac.Package", "Micser.Vac.Package\Micser.Vac.Package.vcxproj", "{353EAF8B-CDFD-4216-BE5A-1D44CA2583EC}"
EndProject
Project("{8BC9CEB8-8B4A-11D0-8D11-00A0C91BC942}") = "Micser.Vac.Driver", "Micser.Vac.Driver\Micser.Vac.Driver.vcxproj", "{6EEBBC22-F44C-400D-8FBB-2E42960D287B}"
EndProject
Project("{FAE04EC0-301F-11D3-BF4B-00C04F79EFBC}") = "Micser.Common", "Micser.Common\Micser.Common.csproj", "{E14431B4-F54A-4D36-B505-1D3407252430}"
EndProject
Project("{FAE04EC0-301F-11D3-BF4B-00C04F79EFBC}") = "Micser.Common.Test", "Micser.Common.Test\Micser.Common.Test.csproj", "{5CB07365-3143-4B65-9118-7B255AACAC6F}"
EndProject
Project("{2150E333-8FDC-42A3-9474-1A3956D46DE8}") = "Test", "Test", "{3094D470-6483-45FF-8185-97FD6671701D}"
EndProject
Project("{2150E333-8FDC-42A3-9474-1A3956D46DE8}") = "Installer", "Installer", "{932C9858-8425-485E-8AC3-A4550556D1EE}"
EndProject
Project("{FAE04EC0-301F-11D3-BF4B-00C04F79EFBC}") = "Micser.Setup", "Micser.Setup\Micser.Setup.csproj", "{C9A243E5-6443-4A00-ACAC-C20A61286264}"
	ProjectSection(ProjectDependencies) = postProject
		{80AA2402-DE97-422B-8D56-9C709F38925C} = {80AA2402-DE97-422B-8D56-9C709F38925C}
		{6EEBBC22-F44C-400D-8FBB-2E42960D287B} = {6EEBBC22-F44C-400D-8FBB-2E42960D287B}
		{26B45A3B-725B-48E1-B272-4B0875B0C04A} = {26B45A3B-725B-48E1-B272-4B0875B0C04A}
		{6824C944-0750-41D6-898E-F05CDF0FB90A} = {6824C944-0750-41D6-898E-F05CDF0FB90A}
		{B63FFC5B-C668-4A79-9E01-E01659C63C44} = {B63FFC5B-C668-4A79-9E01-E01659C63C44}
		{88134B7E-E212-413B-881E-2CDDFFD527D6} = {88134B7E-E212-413B-881E-2CDDFFD527D6}
		{353EAF8B-CDFD-4216-BE5A-1D44CA2583EC} = {353EAF8B-CDFD-4216-BE5A-1D44CA2583EC}
		{C5D0038C-8258-4BB4-9723-F3855F583E95} = {C5D0038C-8258-4BB4-9723-F3855F583E95}
		{E14431B4-F54A-4D36-B505-1D3407252430} = {E14431B4-F54A-4D36-B505-1D3407252430}
	EndProjectSection
EndProject
Project("{FAE04EC0-301F-11D3-BF4B-00C04F79EFBC}") = "Micser.Engine", "Micser.Engine\Micser.Engine.csproj", "{88134B7E-E212-413B-881E-2CDDFFD527D6}"
	ProjectSection(ProjectDependencies) = postProject
		{6824C944-0750-41D6-898E-F05CDF0FB90A} = {6824C944-0750-41D6-898E-F05CDF0FB90A}
	EndProjectSection
EndProject
Project("{FAE04EC0-301F-11D3-BF4B-00C04F79EFBC}") = "Micser.Engine.Test", "Micser.Engine.Test\Micser.Engine.Test.csproj", "{B3383CB9-7839-4DFE-BFED-6E89E9512565}"
EndProject
Project("{2150E333-8FDC-42A3-9474-1A3956D46DE8}") = "Plugins", "Plugins", "{99E23C7A-3483-4963-BC40-DE7062A45461}"
EndProject
Project("{FAE04EC0-301F-11D3-BF4B-00C04F79EFBC}") = "Micser.Plugins.Main", "Micser.Plugins.Main\Micser.Plugins.Main.csproj", "{6824C944-0750-41D6-898E-F05CDF0FB90A}"
EndProject
Project("{FAE04EC0-301F-11D3-BF4B-00C04F79EFBC}") = "Micser.App.Infrastructure", "Micser.App.Infrastructure\Micser.App.Infrastructure.csproj", "{26B45A3B-725B-48E1-B272-4B0875B0C04A}"
EndProject
Project("{FAE04EC0-301F-11D3-BF4B-00C04F79EFBC}") = "Micser.Engine.Infrastructure", "Micser.Engine.Infrastructure\Micser.Engine.Infrastructure.csproj", "{C5D0038C-8258-4BB4-9723-F3855F583E95}"
EndProject
Project("{FAE04EC0-301F-11D3-BF4B-00C04F79EFBC}") = "Micser.App.Infrastructure.Test", "Micser.App.Infrastructure.Test\Micser.App.Infrastructure.Test.csproj", "{80ABB9E5-BC47-4FD7-9E7E-753ED79A88B4}"
EndProject
Project("{FAE04EC0-301F-11D3-BF4B-00C04F79EFBC}") = "Micser.Plugins.Main.Test", "Micser.Plugins.Main.Test\Micser.Plugins.Main.Test.csproj", "{32A852E1-D13D-4589-9963-3F9D32AF243E}"
EndProject
Project("{2150E333-8FDC-42A3-9474-1A3956D46DE8}") = "Doc", "Doc", "{3C6959B4-BB20-417E-A105-BD99D25F229B}"
	ProjectSection(SolutionItems) = preProject
		..\doc\compressor-curve.html = ..\doc\compressor-curve.html
		..\doc\compressor-curve2.html = ..\doc\compressor-curve2.html
		..\Readme.md = ..\Readme.md
		..\doc\Reiss-Tutorialondynamicrangecompression.pdf = ..\doc\Reiss-Tutorialondynamicrangecompression.pdf
	EndProjectSection
EndProject
Project("{FAE04EC0-301F-11D3-BF4B-00C04F79EFBC}") = "Micser.DriverUtility", "Micser.DriverUtility\Micser.DriverUtility.csproj", "{B63FFC5B-C668-4A79-9E01-E01659C63C44}"
EndProject
Project("{FAE04EC0-301F-11D3-BF4B-00C04F79EFBC}") = "Micser.Setup.CustomActions", "Micser.Setup.CustomActions\Micser.Setup.CustomActions.csproj", "{1E05C6E2-F8DA-495C-988D-2566B52E05A6}"
EndProject
Global
	GlobalSection(SolutionConfigurationPlatforms) = preSolution
		Debug|Any CPU = Debug|Any CPU
		Debug|x64 = Debug|x64
		Debug|x86 = Debug|x86
		Release|Any CPU = Release|Any CPU
		Release|x64 = Release|x64
		Release|x86 = Release|x86
	EndGlobalSection
	GlobalSection(ProjectConfigurationPlatforms) = postSolution
		{80AA2402-DE97-422B-8D56-9C709F38925C}.Debug|Any CPU.ActiveCfg = Debug|Any CPU
		{80AA2402-DE97-422B-8D56-9C709F38925C}.Debug|Any CPU.Build.0 = Debug|Any CPU
		{80AA2402-DE97-422B-8D56-9C709F38925C}.Debug|x64.ActiveCfg = Debug|Any CPU
		{80AA2402-DE97-422B-8D56-9C709F38925C}.Debug|x64.Build.0 = Debug|Any CPU
		{80AA2402-DE97-422B-8D56-9C709F38925C}.Debug|x86.ActiveCfg = Debug|Any CPU
		{80AA2402-DE97-422B-8D56-9C709F38925C}.Debug|x86.Build.0 = Debug|Any CPU
		{80AA2402-DE97-422B-8D56-9C709F38925C}.Release|Any CPU.ActiveCfg = Release|Any CPU
		{80AA2402-DE97-422B-8D56-9C709F38925C}.Release|Any CPU.Build.0 = Release|Any CPU
		{80AA2402-DE97-422B-8D56-9C709F38925C}.Release|x64.ActiveCfg = Release|Any CPU
		{80AA2402-DE97-422B-8D56-9C709F38925C}.Release|x64.Build.0 = Release|Any CPU
		{80AA2402-DE97-422B-8D56-9C709F38925C}.Release|x86.ActiveCfg = Release|Any CPU
		{80AA2402-DE97-422B-8D56-9C709F38925C}.Release|x86.Build.0 = Release|Any CPU
		{353EAF8B-CDFD-4216-BE5A-1D44CA2583EC}.Debug|Any CPU.ActiveCfg = Debug|Win32
		{353EAF8B-CDFD-4216-BE5A-1D44CA2583EC}.Debug|x64.ActiveCfg = Debug|x64
		{353EAF8B-CDFD-4216-BE5A-1D44CA2583EC}.Debug|x64.Build.0 = Debug|x64
		{353EAF8B-CDFD-4216-BE5A-1D44CA2583EC}.Debug|x64.Deploy.0 = Debug|x64
		{353EAF8B-CDFD-4216-BE5A-1D44CA2583EC}.Debug|x86.ActiveCfg = Debug|Win32
		{353EAF8B-CDFD-4216-BE5A-1D44CA2583EC}.Debug|x86.Build.0 = Debug|Win32
		{353EAF8B-CDFD-4216-BE5A-1D44CA2583EC}.Debug|x86.Deploy.0 = Debug|Win32
		{353EAF8B-CDFD-4216-BE5A-1D44CA2583EC}.Release|Any CPU.ActiveCfg = Release|Win32
		{353EAF8B-CDFD-4216-BE5A-1D44CA2583EC}.Release|x64.ActiveCfg = Release|x64
		{353EAF8B-CDFD-4216-BE5A-1D44CA2583EC}.Release|x64.Build.0 = Release|x64
		{353EAF8B-CDFD-4216-BE5A-1D44CA2583EC}.Release|x64.Deploy.0 = Release|x64
		{353EAF8B-CDFD-4216-BE5A-1D44CA2583EC}.Release|x86.ActiveCfg = Release|Win32
		{353EAF8B-CDFD-4216-BE5A-1D44CA2583EC}.Release|x86.Build.0 = Release|Win32
		{353EAF8B-CDFD-4216-BE5A-1D44CA2583EC}.Release|x86.Deploy.0 = Release|Win32
		{6EEBBC22-F44C-400D-8FBB-2E42960D287B}.Debug|Any CPU.ActiveCfg = Debug|Win32
		{6EEBBC22-F44C-400D-8FBB-2E42960D287B}.Debug|x64.ActiveCfg = Debug|x64
		{6EEBBC22-F44C-400D-8FBB-2E42960D287B}.Debug|x64.Build.0 = Debug|x64
		{6EEBBC22-F44C-400D-8FBB-2E42960D287B}.Debug|x64.Deploy.0 = Debug|x64
		{6EEBBC22-F44C-400D-8FBB-2E42960D287B}.Debug|x86.ActiveCfg = Debug|Win32
		{6EEBBC22-F44C-400D-8FBB-2E42960D287B}.Debug|x86.Build.0 = Debug|Win32
		{6EEBBC22-F44C-400D-8FBB-2E42960D287B}.Debug|x86.Deploy.0 = Debug|Win32
		{6EEBBC22-F44C-400D-8FBB-2E42960D287B}.Release|Any CPU.ActiveCfg = Release|Win32
		{6EEBBC22-F44C-400D-8FBB-2E42960D287B}.Release|x64.ActiveCfg = Release|x64
		{6EEBBC22-F44C-400D-8FBB-2E42960D287B}.Release|x64.Build.0 = Release|x64
		{6EEBBC22-F44C-400D-8FBB-2E42960D287B}.Release|x64.Deploy.0 = Release|x64
		{6EEBBC22-F44C-400D-8FBB-2E42960D287B}.Release|x86.ActiveCfg = Release|Win32
		{6EEBBC22-F44C-400D-8FBB-2E42960D287B}.Release|x86.Build.0 = Release|Win32
		{6EEBBC22-F44C-400D-8FBB-2E42960D287B}.Release|x86.Deploy.0 = Release|Win32
		{E14431B4-F54A-4D36-B505-1D3407252430}.Debug|Any CPU.ActiveCfg = Debug|Any CPU
		{E14431B4-F54A-4D36-B505-1D3407252430}.Debug|Any CPU.Build.0 = Debug|Any CPU
		{E14431B4-F54A-4D36-B505-1D3407252430}.Debug|x64.ActiveCfg = Debug|Any CPU
		{E14431B4-F54A-4D36-B505-1D3407252430}.Debug|x64.Build.0 = Debug|Any CPU
		{E14431B4-F54A-4D36-B505-1D3407252430}.Debug|x86.ActiveCfg = Debug|Any CPU
		{E14431B4-F54A-4D36-B505-1D3407252430}.Debug|x86.Build.0 = Debug|Any CPU
		{E14431B4-F54A-4D36-B505-1D3407252430}.Release|Any CPU.ActiveCfg = Release|Any CPU
		{E14431B4-F54A-4D36-B505-1D3407252430}.Release|Any CPU.Build.0 = Release|Any CPU
		{E14431B4-F54A-4D36-B505-1D3407252430}.Release|x64.ActiveCfg = Release|Any CPU
		{E14431B4-F54A-4D36-B505-1D3407252430}.Release|x64.Build.0 = Release|Any CPU
		{E14431B4-F54A-4D36-B505-1D3407252430}.Release|x86.ActiveCfg = Release|Any CPU
		{E14431B4-F54A-4D36-B505-1D3407252430}.Release|x86.Build.0 = Release|Any CPU
		{5CB07365-3143-4B65-9118-7B255AACAC6F}.Debug|Any CPU.ActiveCfg = Debug|Any CPU
		{5CB07365-3143-4B65-9118-7B255AACAC6F}.Debug|Any CPU.Build.0 = Debug|Any CPU
		{5CB07365-3143-4B65-9118-7B255AACAC6F}.Debug|x64.ActiveCfg = Debug|Any CPU
		{5CB07365-3143-4B65-9118-7B255AACAC6F}.Debug|x64.Build.0 = Debug|Any CPU
		{5CB07365-3143-4B65-9118-7B255AACAC6F}.Debug|x86.ActiveCfg = Debug|Any CPU
		{5CB07365-3143-4B65-9118-7B255AACAC6F}.Debug|x86.Build.0 = Debug|Any CPU
		{5CB07365-3143-4B65-9118-7B255AACAC6F}.Release|Any CPU.ActiveCfg = Release|Any CPU
		{5CB07365-3143-4B65-9118-7B255AACAC6F}.Release|Any CPU.Build.0 = Release|Any CPU
		{5CB07365-3143-4B65-9118-7B255AACAC6F}.Release|x64.ActiveCfg = Release|Any CPU
		{5CB07365-3143-4B65-9118-7B255AACAC6F}.Release|x64.Build.0 = Release|Any CPU
		{5CB07365-3143-4B65-9118-7B255AACAC6F}.Release|x86.ActiveCfg = Release|Any CPU
		{5CB07365-3143-4B65-9118-7B255AACAC6F}.Release|x86.Build.0 = Release|Any CPU
		{C9A243E5-6443-4A00-ACAC-C20A61286264}.Debug|Any CPU.ActiveCfg = Debug|x86
		{C9A243E5-6443-4A00-ACAC-C20A61286264}.Debug|x64.ActiveCfg = Debug|x64
		{C9A243E5-6443-4A00-ACAC-C20A61286264}.Debug|x64.Build.0 = Debug|x64
		{C9A243E5-6443-4A00-ACAC-C20A61286264}.Debug|x86.ActiveCfg = Debug|x86
		{C9A243E5-6443-4A00-ACAC-C20A61286264}.Debug|x86.Build.0 = Debug|x86
		{C9A243E5-6443-4A00-ACAC-C20A61286264}.Release|Any CPU.ActiveCfg = Release|x86
		{C9A243E5-6443-4A00-ACAC-C20A61286264}.Release|x64.ActiveCfg = Release|x64
		{C9A243E5-6443-4A00-ACAC-C20A61286264}.Release|x64.Build.0 = Release|x64
		{C9A243E5-6443-4A00-ACAC-C20A61286264}.Release|x86.ActiveCfg = Release|x86
		{C9A243E5-6443-4A00-ACAC-C20A61286264}.Release|x86.Build.0 = Release|x86
		{88134B7E-E212-413B-881E-2CDDFFD527D6}.Debug|Any CPU.ActiveCfg = Debug|Any CPU
		{88134B7E-E212-413B-881E-2CDDFFD527D6}.Debug|Any CPU.Build.0 = Debug|Any CPU
		{88134B7E-E212-413B-881E-2CDDFFD527D6}.Debug|x64.ActiveCfg = Debug|Any CPU
		{88134B7E-E212-413B-881E-2CDDFFD527D6}.Debug|x64.Build.0 = Debug|Any CPU
		{88134B7E-E212-413B-881E-2CDDFFD527D6}.Debug|x86.ActiveCfg = Debug|Any CPU
		{88134B7E-E212-413B-881E-2CDDFFD527D6}.Debug|x86.Build.0 = Debug|Any CPU
		{88134B7E-E212-413B-881E-2CDDFFD527D6}.Release|Any CPU.ActiveCfg = Release|Any CPU
		{88134B7E-E212-413B-881E-2CDDFFD527D6}.Release|Any CPU.Build.0 = Release|Any CPU
		{88134B7E-E212-413B-881E-2CDDFFD527D6}.Release|x64.ActiveCfg = Release|Any CPU
		{88134B7E-E212-413B-881E-2CDDFFD527D6}.Release|x64.Build.0 = Release|Any CPU
		{88134B7E-E212-413B-881E-2CDDFFD527D6}.Release|x86.ActiveCfg = Release|Any CPU
		{88134B7E-E212-413B-881E-2CDDFFD527D6}.Release|x86.Build.0 = Release|Any CPU
		{B3383CB9-7839-4DFE-BFED-6E89E9512565}.Debug|Any CPU.ActiveCfg = Debug|Any CPU
		{B3383CB9-7839-4DFE-BFED-6E89E9512565}.Debug|Any CPU.Build.0 = Debug|Any CPU
		{B3383CB9-7839-4DFE-BFED-6E89E9512565}.Debug|x64.ActiveCfg = Debug|Any CPU
		{B3383CB9-7839-4DFE-BFED-6E89E9512565}.Debug|x64.Build.0 = Debug|Any CPU
		{B3383CB9-7839-4DFE-BFED-6E89E9512565}.Debug|x86.ActiveCfg = Debug|Any CPU
		{B3383CB9-7839-4DFE-BFED-6E89E9512565}.Debug|x86.Build.0 = Debug|Any CPU
		{B3383CB9-7839-4DFE-BFED-6E89E9512565}.Release|Any CPU.ActiveCfg = Release|Any CPU
		{B3383CB9-7839-4DFE-BFED-6E89E9512565}.Release|Any CPU.Build.0 = Release|Any CPU
		{B3383CB9-7839-4DFE-BFED-6E89E9512565}.Release|x64.ActiveCfg = Release|Any CPU
		{B3383CB9-7839-4DFE-BFED-6E89E9512565}.Release|x64.Build.0 = Release|Any CPU
		{B3383CB9-7839-4DFE-BFED-6E89E9512565}.Release|x86.ActiveCfg = Release|Any CPU
		{B3383CB9-7839-4DFE-BFED-6E89E9512565}.Release|x86.Build.0 = Release|Any CPU
		{6824C944-0750-41D6-898E-F05CDF0FB90A}.Debug|Any CPU.ActiveCfg = Debug|Any CPU
		{6824C944-0750-41D6-898E-F05CDF0FB90A}.Debug|Any CPU.Build.0 = Debug|Any CPU
		{6824C944-0750-41D6-898E-F05CDF0FB90A}.Debug|x64.ActiveCfg = Debug|Any CPU
		{6824C944-0750-41D6-898E-F05CDF0FB90A}.Debug|x64.Build.0 = Debug|Any CPU
		{6824C944-0750-41D6-898E-F05CDF0FB90A}.Debug|x86.ActiveCfg = Debug|Any CPU
		{6824C944-0750-41D6-898E-F05CDF0FB90A}.Debug|x86.Build.0 = Debug|Any CPU
		{6824C944-0750-41D6-898E-F05CDF0FB90A}.Release|Any CPU.ActiveCfg = Release|Any CPU
		{6824C944-0750-41D6-898E-F05CDF0FB90A}.Release|Any CPU.Build.0 = Release|Any CPU
		{6824C944-0750-41D6-898E-F05CDF0FB90A}.Release|x64.ActiveCfg = Release|Any CPU
		{6824C944-0750-41D6-898E-F05CDF0FB90A}.Release|x64.Build.0 = Release|Any CPU
		{6824C944-0750-41D6-898E-F05CDF0FB90A}.Release|x86.ActiveCfg = Release|Any CPU
		{6824C944-0750-41D6-898E-F05CDF0FB90A}.Release|x86.Build.0 = Release|Any CPU
		{26B45A3B-725B-48E1-B272-4B0875B0C04A}.Debug|Any CPU.ActiveCfg = Debug|Any CPU
		{26B45A3B-725B-48E1-B272-4B0875B0C04A}.Debug|Any CPU.Build.0 = Debug|Any CPU
		{26B45A3B-725B-48E1-B272-4B0875B0C04A}.Debug|x64.ActiveCfg = Debug|Any CPU
		{26B45A3B-725B-48E1-B272-4B0875B0C04A}.Debug|x64.Build.0 = Debug|Any CPU
		{26B45A3B-725B-48E1-B272-4B0875B0C04A}.Debug|x86.ActiveCfg = Debug|Any CPU
		{26B45A3B-725B-48E1-B272-4B0875B0C04A}.Debug|x86.Build.0 = Debug|Any CPU
		{26B45A3B-725B-48E1-B272-4B0875B0C04A}.Release|Any CPU.ActiveCfg = Release|Any CPU
		{26B45A3B-725B-48E1-B272-4B0875B0C04A}.Release|Any CPU.Build.0 = Release|Any CPU
		{26B45A3B-725B-48E1-B272-4B0875B0C04A}.Release|x64.ActiveCfg = Release|Any CPU
		{26B45A3B-725B-48E1-B272-4B0875B0C04A}.Release|x64.Build.0 = Release|Any CPU
		{26B45A3B-725B-48E1-B272-4B0875B0C04A}.Release|x86.ActiveCfg = Release|Any CPU
		{26B45A3B-725B-48E1-B272-4B0875B0C04A}.Release|x86.Build.0 = Release|Any CPU
		{C5D0038C-8258-4BB4-9723-F3855F583E95}.Debug|Any CPU.ActiveCfg = Debug|Any CPU
		{C5D0038C-8258-4BB4-9723-F3855F583E95}.Debug|Any CPU.Build.0 = Debug|Any CPU
		{C5D0038C-8258-4BB4-9723-F3855F583E95}.Debug|x64.ActiveCfg = Debug|Any CPU
		{C5D0038C-8258-4BB4-9723-F3855F583E95}.Debug|x64.Build.0 = Debug|Any CPU
		{C5D0038C-8258-4BB4-9723-F3855F583E95}.Debug|x86.ActiveCfg = Debug|Any CPU
		{C5D0038C-8258-4BB4-9723-F3855F583E95}.Debug|x86.Build.0 = Debug|Any CPU
		{C5D0038C-8258-4BB4-9723-F3855F583E95}.Release|Any CPU.ActiveCfg = Release|Any CPU
		{C5D0038C-8258-4BB4-9723-F3855F583E95}.Release|Any CPU.Build.0 = Release|Any CPU
		{C5D0038C-8258-4BB4-9723-F3855F583E95}.Release|x64.ActiveCfg = Release|Any CPU
		{C5D0038C-8258-4BB4-9723-F3855F583E95}.Release|x64.Build.0 = Release|Any CPU
		{C5D0038C-8258-4BB4-9723-F3855F583E95}.Release|x86.ActiveCfg = Release|Any CPU
		{C5D0038C-8258-4BB4-9723-F3855F583E95}.Release|x86.Build.0 = Release|Any CPU
		{80ABB9E5-BC47-4FD7-9E7E-753ED79A88B4}.Debug|Any CPU.ActiveCfg = Debug|Any CPU
		{80ABB9E5-BC47-4FD7-9E7E-753ED79A88B4}.Debug|Any CPU.Build.0 = Debug|Any CPU
		{80ABB9E5-BC47-4FD7-9E7E-753ED79A88B4}.Debug|x64.ActiveCfg = Debug|Any CPU
		{80ABB9E5-BC47-4FD7-9E7E-753ED79A88B4}.Debug|x64.Build.0 = Debug|Any CPU
		{80ABB9E5-BC47-4FD7-9E7E-753ED79A88B4}.Debug|x86.ActiveCfg = Debug|Any CPU
		{80ABB9E5-BC47-4FD7-9E7E-753ED79A88B4}.Debug|x86.Build.0 = Debug|Any CPU
		{80ABB9E5-BC47-4FD7-9E7E-753ED79A88B4}.Release|Any CPU.ActiveCfg = Release|Any CPU
		{80ABB9E5-BC47-4FD7-9E7E-753ED79A88B4}.Release|Any CPU.Build.0 = Release|Any CPU
		{80ABB9E5-BC47-4FD7-9E7E-753ED79A88B4}.Release|x64.ActiveCfg = Release|Any CPU
		{80ABB9E5-BC47-4FD7-9E7E-753ED79A88B4}.Release|x64.Build.0 = Release|Any CPU
		{80ABB9E5-BC47-4FD7-9E7E-753ED79A88B4}.Release|x86.ActiveCfg = Release|Any CPU
		{80ABB9E5-BC47-4FD7-9E7E-753ED79A88B4}.Release|x86.Build.0 = Release|Any CPU
		{32A852E1-D13D-4589-9963-3F9D32AF243E}.Debug|Any CPU.ActiveCfg = Debug|Any CPU
		{32A852E1-D13D-4589-9963-3F9D32AF243E}.Debug|Any CPU.Build.0 = Debug|Any CPU
		{32A852E1-D13D-4589-9963-3F9D32AF243E}.Debug|x64.ActiveCfg = Debug|Any CPU
		{32A852E1-D13D-4589-9963-3F9D32AF243E}.Debug|x64.Build.0 = Debug|Any CPU
		{32A852E1-D13D-4589-9963-3F9D32AF243E}.Debug|x86.ActiveCfg = Debug|Any CPU
		{32A852E1-D13D-4589-9963-3F9D32AF243E}.Debug|x86.Build.0 = Debug|Any CPU
		{32A852E1-D13D-4589-9963-3F9D32AF243E}.Release|Any CPU.ActiveCfg = Release|Any CPU
		{32A852E1-D13D-4589-9963-3F9D32AF243E}.Release|Any CPU.Build.0 = Release|Any CPU
		{32A852E1-D13D-4589-9963-3F9D32AF243E}.Release|x64.ActiveCfg = Release|Any CPU
		{32A852E1-D13D-4589-9963-3F9D32AF243E}.Release|x64.Build.0 = Release|Any CPU
		{32A852E1-D13D-4589-9963-3F9D32AF243E}.Release|x86.ActiveCfg = Release|Any CPU
		{32A852E1-D13D-4589-9963-3F9D32AF243E}.Release|x86.Build.0 = Release|Any CPU
		{B63FFC5B-C668-4A79-9E01-E01659C63C44}.Debug|Any CPU.ActiveCfg = Debug|Any CPU
		{B63FFC5B-C668-4A79-9E01-E01659C63C44}.Debug|Any CPU.Build.0 = Debug|Any CPU
		{B63FFC5B-C668-4A79-9E01-E01659C63C44}.Debug|x64.ActiveCfg = Debug|Any CPU
		{B63FFC5B-C668-4A79-9E01-E01659C63C44}.Debug|x64.Build.0 = Debug|Any CPU
		{B63FFC5B-C668-4A79-9E01-E01659C63C44}.Debug|x86.ActiveCfg = Debug|Any CPU
		{B63FFC5B-C668-4A79-9E01-E01659C63C44}.Debug|x86.Build.0 = Debug|Any CPU
		{B63FFC5B-C668-4A79-9E01-E01659C63C44}.Release|Any CPU.ActiveCfg = Release|Any CPU
		{B63FFC5B-C668-4A79-9E01-E01659C63C44}.Release|Any CPU.Build.0 = Release|Any CPU
		{B63FFC5B-C668-4A79-9E01-E01659C63C44}.Release|x64.ActiveCfg = Release|Any CPU
		{B63FFC5B-C668-4A79-9E01-E01659C63C44}.Release|x64.Build.0 = Release|Any CPU
		{B63FFC5B-C668-4A79-9E01-E01659C63C44}.Release|x86.ActiveCfg = Release|Any CPU
		{B63FFC5B-C668-4A79-9E01-E01659C63C44}.Release|x86.Build.0 = Release|Any CPU
		{1E05C6E2-F8DA-495C-988D-2566B52E05A6}.Debug|Any CPU.ActiveCfg = Debug|x86
		{1E05C6E2-F8DA-495C-988D-2566B52E05A6}.Debug|x64.ActiveCfg = Debug|Any CPU
		{1E05C6E2-F8DA-495C-988D-2566B52E05A6}.Debug|x64.Build.0 = Debug|Any CPU
		{1E05C6E2-F8DA-495C-988D-2566B52E05A6}.Debug|x86.ActiveCfg = Debug|x86
		{1E05C6E2-F8DA-495C-988D-2566B52E05A6}.Debug|x86.Build.0 = Debug|x86
		{1E05C6E2-F8DA-495C-988D-2566B52E05A6}.Release|Any CPU.ActiveCfg = Release|x86
		{1E05C6E2-F8DA-495C-988D-2566B52E05A6}.Release|x64.ActiveCfg = Release|Any CPU
		{1E05C6E2-F8DA-495C-988D-2566B52E05A6}.Release|x64.Build.0 = Release|Any CPU
		{1E05C6E2-F8DA-495C-988D-2566B52E05A6}.Release|x86.ActiveCfg = Release|x86
		{1E05C6E2-F8DA-495C-988D-2566B52E05A6}.Release|x86.Build.0 = Release|x86
	EndGlobalSection
	GlobalSection(SolutionProperties) = preSolution
		HideSolutionNode = FALSE
	EndGlobalSection
	GlobalSection(NestedProjects) = preSolution
		{353EAF8B-CDFD-4216-BE5A-1D44CA2583EC} = {C212CC42-E145-4A81-A3FC-47AB12168AE3}
		{6EEBBC22-F44C-400D-8FBB-2E42960D287B} = {C212CC42-E145-4A81-A3FC-47AB12168AE3}
		{5CB07365-3143-4B65-9118-7B255AACAC6F} = {3094D470-6483-45FF-8185-97FD6671701D}
		{C9A243E5-6443-4A00-ACAC-C20A61286264} = {932C9858-8425-485E-8AC3-A4550556D1EE}
		{B3383CB9-7839-4DFE-BFED-6E89E9512565} = {3094D470-6483-45FF-8185-97FD6671701D}
		{6824C944-0750-41D6-898E-F05CDF0FB90A} = {99E23C7A-3483-4963-BC40-DE7062A45461}
		{80ABB9E5-BC47-4FD7-9E7E-753ED79A88B4} = {3094D470-6483-45FF-8185-97FD6671701D}
		{32A852E1-D13D-4589-9963-3F9D32AF243E} = {3094D470-6483-45FF-8185-97FD6671701D}
		{1E05C6E2-F8DA-495C-988D-2566B52E05A6} = {932C9858-8425-485E-8AC3-A4550556D1EE}
	EndGlobalSection
	GlobalSection(ExtensibilityGlobals) = postSolution
		SolutionGuid = {0234B1FC-9955-4A16-8FF8-C33C830D1CA2}
	EndGlobalSection
EndGlobal
