
Microsoft Visual Studio Solution File, Format Version 12.00
# Visual Studio Version 16
VisualStudioVersion = 16.0.28803.452
MinimumVisualStudioVersion = 10.0.40219.1
Project("{2150E333-8FDC-42A3-9474-1A3956D46DE8}") = "Driver", "Driver", "{C212CC42-E145-4A81-A3FC-47AB12168AE3}"
EndProject
Project("{8BC9CEB8-8B4A-11D0-8D11-00A0C91BC942}") = "Micser.Vac.Package", "Micser.Vac.Package\Micser.Vac.Package.vcxproj", "{353EAF8B-CDFD-4216-BE5A-1D44CA2583EC}"
EndProject
Project("{8BC9CEB8-8B4A-11D0-8D11-00A0C91BC942}") = "Micser.Vac.Driver", "Micser.Vac.Driver\Micser.Vac.Driver.vcxproj", "{6EEBBC22-F44C-400D-8FBB-2E42960D287B}"
EndProject
Project("{2150E333-8FDC-42A3-9474-1A3956D46DE8}") = "Test", "Test", "{3094D470-6483-45FF-8185-97FD6671701D}"
EndProject
Project("{2150E333-8FDC-42A3-9474-1A3956D46DE8}") = "Installer", "Installer", "{932C9858-8425-485E-8AC3-A4550556D1EE}"
EndProject
Project("{FAE04EC0-301F-11D3-BF4B-00C04F79EFBC}") = "Micser.Setup", "Micser.Setup\Micser.Setup.csproj", "{C9A243E5-6443-4A00-ACAC-C20A61286264}"
	ProjectSection(ProjectDependencies) = postProject
		{6EEBBC22-F44C-400D-8FBB-2E42960D287B} = {6EEBBC22-F44C-400D-8FBB-2E42960D287B}
		{353EAF8B-CDFD-4216-BE5A-1D44CA2583EC} = {353EAF8B-CDFD-4216-BE5A-1D44CA2583EC}
	EndProjectSection
EndProject
Project("{2150E333-8FDC-42A3-9474-1A3956D46DE8}") = "Plugins", "Plugins", "{99E23C7A-3483-4963-BC40-DE7062A45461}"
EndProject
Project("{2150E333-8FDC-42A3-9474-1A3956D46DE8}") = "Doc", "Doc", "{3C6959B4-BB20-417E-A105-BD99D25F229B}"
	ProjectSection(SolutionItems) = preProject
		..\doc\compressor-curve.html = ..\doc\compressor-curve.html
		..\doc\compressor-curve2.html = ..\doc\compressor-curve2.html
		..\License.md = ..\License.md
		..\Readme.md = ..\Readme.md
		..\doc\Reiss-Tutorialondynamicrangecompression.pdf = ..\doc\Reiss-Tutorialondynamicrangecompression.pdf
		..\doc\ReleaseNotes.txt = ..\doc\ReleaseNotes.txt
	EndProjectSection
EndProject
Project("{FAE04EC0-301F-11D3-BF4B-00C04F79EFBC}") = "Micser.Setup.CustomActions", "Micser.Setup.CustomActions\Micser.Setup.CustomActions.csproj", "{1E05C6E2-F8DA-495C-988D-2566B52E05A6}"
EndProject
Project("{2150E333-8FDC-42A3-9474-1A3956D46DE8}") = "Build", "Build", "{0375FFB5-1AD8-422F-8D7B-91B8FF152018}"
EndProject
Project("{FAE04EC0-301F-11D3-BF4B-00C04F79EFBC}") = "Micser.BuildTasks", "Micser.BuildTasks\Micser.BuildTasks.csproj", "{9B270774-3850-4C23-ABCF-587BCFFF4844}"
EndProject
Project("{9A19103F-16F7-4668-BE54-9A1E7A4F7556}") = "Micser.App", "Micser.App.Core\Micser.App.csproj", "{24E5774C-1B7C-4462-9F2A-33112FE6CC42}"
EndProject
Project("{9A19103F-16F7-4668-BE54-9A1E7A4F7556}") = "Micser.App.Infrastructure", "Micser.App.Infrastructure.Core\Micser.App.Infrastructure.csproj", "{8A884468-6D03-4C33-B998-1224C6D83E00}"
EndProject
Project("{9A19103F-16F7-4668-BE54-9A1E7A4F7556}") = "Micser.Common", "Micser.Common.Core\Micser.Common.csproj", "{5051C74D-25AB-4F5A-8D0B-DBBD4428C602}"
EndProject
Project("{9A19103F-16F7-4668-BE54-9A1E7A4F7556}") = "Micser.DriverUtility", "Micser.DriverUtility.Core\Micser.DriverUtility.csproj", "{FD978BE4-F1D9-41FC-954E-0197401310C1}"
EndProject
Project("{9A19103F-16F7-4668-BE54-9A1E7A4F7556}") = "Micser.Engine", "Micser.Engine.Core\Micser.Engine.csproj", "{11175E3F-FAC6-44DE-BCB3-A6FD09E49009}"
EndProject
Project("{9A19103F-16F7-4668-BE54-9A1E7A4F7556}") = "Micser.Engine.Infrastructure", "Micser.Engine.Infrastructure.Core\Micser.Engine.Infrastructure.csproj", "{570B8FBA-BAAF-41BA-A5CB-6733A1855270}"
EndProject
Project("{9A19103F-16F7-4668-BE54-9A1E7A4F7556}") = "Micser.Plugins.Main", "Micser.Plugins.Main.Core\Micser.Plugins.Main.csproj", "{759CC293-5392-4CB0-BB52-32107030662B}"
EndProject
Project("{9A19103F-16F7-4668-BE54-9A1E7A4F7556}") = "Micser.App.Infrastructure.Test", "Micser.App.Infrastructure.Test.Core\Micser.App.Infrastructure.Test.csproj", "{97C9DA12-BB48-4D63-A110-537261C1057B}"
EndProject
Project("{9A19103F-16F7-4668-BE54-9A1E7A4F7556}") = "Micser.Common.Test", "Micser.Common.Test.Core\Micser.Common.Test.csproj", "{13BB7D2F-1F5B-433C-971D-36043909E5B0}"
EndProject
Project("{9A19103F-16F7-4668-BE54-9A1E7A4F7556}") = "Micser.Engine.Infrastructure.Test", "Micser.Engine.Infrastructure.Test.Core\Micser.Engine.Infrastructure.Test.csproj", "{C43BCE58-18AA-4544-A1E0-C5407D1467A6}"
EndProject
Project("{9A19103F-16F7-4668-BE54-9A1E7A4F7556}") = "Micser.Engine.Test", "Micser.Engine.Test.Core\Micser.Engine.Test.csproj", "{7DFFDC03-2CCB-44C6-B149-63F0A96330B4}"
EndProject
Project("{9A19103F-16F7-4668-BE54-9A1E7A4F7556}") = "Micser.Plugins.Main.Test", "Micser.Plugins.Main.Test.Core\Micser.Plugins.Main.Test.csproj", "{8B4D74C3-A5B7-404B-A768-55963593EAD2}"
EndProject
Global
	GlobalSection(SolutionConfigurationPlatforms) = preSolution
		Debug|Any CPU = Debug|Any CPU
		Debug|x64 = Debug|x64
		Debug|x86 = Debug|x86
		Release|Any CPU = Release|Any CPU
		Release|x64 = Release|x64
		Release|x86 = Release|x86
	EndGlobalSection
	GlobalSection(ProjectConfigurationPlatforms) = postSolution
		{353EAF8B-CDFD-4216-BE5A-1D44CA2583EC}.Debug|Any CPU.ActiveCfg = Debug|Win32
		{353EAF8B-CDFD-4216-BE5A-1D44CA2583EC}.Debug|x64.ActiveCfg = Debug|x64
		{353EAF8B-CDFD-4216-BE5A-1D44CA2583EC}.Debug|x64.Build.0 = Debug|x64
		{353EAF8B-CDFD-4216-BE5A-1D44CA2583EC}.Debug|x64.Deploy.0 = Debug|x64
		{353EAF8B-CDFD-4216-BE5A-1D44CA2583EC}.Debug|x86.ActiveCfg = Debug|Win32
		{353EAF8B-CDFD-4216-BE5A-1D44CA2583EC}.Debug|x86.Build.0 = Debug|Win32
		{353EAF8B-CDFD-4216-BE5A-1D44CA2583EC}.Debug|x86.Deploy.0 = Debug|Win32
		{353EAF8B-CDFD-4216-BE5A-1D44CA2583EC}.Release|Any CPU.ActiveCfg = Release|Win32
		{353EAF8B-CDFD-4216-BE5A-1D44CA2583EC}.Release|x64.ActiveCfg = Release|x64
		{353EAF8B-CDFD-4216-BE5A-1D44CA2583EC}.Release|x64.Build.0 = Release|x64
		{353EAF8B-CDFD-4216-BE5A-1D44CA2583EC}.Release|x64.Deploy.0 = Release|x64
		{353EAF8B-CDFD-4216-BE5A-1D44CA2583EC}.Release|x86.ActiveCfg = Release|Win32
		{353EAF8B-CDFD-4216-BE5A-1D44CA2583EC}.Release|x86.Build.0 = Release|Win32
		{353EAF8B-CDFD-4216-BE5A-1D44CA2583EC}.Release|x86.Deploy.0 = Release|Win32
		{6EEBBC22-F44C-400D-8FBB-2E42960D287B}.Debug|Any CPU.ActiveCfg = Debug|Win32
		{6EEBBC22-F44C-400D-8FBB-2E42960D287B}.Debug|x64.ActiveCfg = Debug|x64
		{6EEBBC22-F44C-400D-8FBB-2E42960D287B}.Debug|x64.Build.0 = Debug|x64
		{6EEBBC22-F44C-400D-8FBB-2E42960D287B}.Debug|x64.Deploy.0 = Debug|x64
		{6EEBBC22-F44C-400D-8FBB-2E42960D287B}.Debug|x86.ActiveCfg = Debug|Win32
		{6EEBBC22-F44C-400D-8FBB-2E42960D287B}.Debug|x86.Build.0 = Debug|Win32
		{6EEBBC22-F44C-400D-8FBB-2E42960D287B}.Debug|x86.Deploy.0 = Debug|Win32
		{6EEBBC22-F44C-400D-8FBB-2E42960D287B}.Release|Any CPU.ActiveCfg = Release|Win32
		{6EEBBC22-F44C-400D-8FBB-2E42960D287B}.Release|x64.ActiveCfg = Release|x64
		{6EEBBC22-F44C-400D-8FBB-2E42960D287B}.Release|x64.Build.0 = Release|x64
		{6EEBBC22-F44C-400D-8FBB-2E42960D287B}.Release|x64.Deploy.0 = Release|x64
		{6EEBBC22-F44C-400D-8FBB-2E42960D287B}.Release|x86.ActiveCfg = Release|Win32
		{6EEBBC22-F44C-400D-8FBB-2E42960D287B}.Release|x86.Build.0 = Release|Win32
		{6EEBBC22-F44C-400D-8FBB-2E42960D287B}.Release|x86.Deploy.0 = Release|Win32
		{C9A243E5-6443-4A00-ACAC-C20A61286264}.Debug|Any CPU.ActiveCfg = Debug|Any CPU
		{C9A243E5-6443-4A00-ACAC-C20A61286264}.Debug|Any CPU.Build.0 = Debug|Any CPU
		{C9A243E5-6443-4A00-ACAC-C20A61286264}.Debug|x64.ActiveCfg = Debug|x64
		{C9A243E5-6443-4A00-ACAC-C20A61286264}.Debug|x64.Build.0 = Debug|x64
		{C9A243E5-6443-4A00-ACAC-C20A61286264}.Debug|x86.ActiveCfg = Debug|x86
		{C9A243E5-6443-4A00-ACAC-C20A61286264}.Debug|x86.Build.0 = Debug|x86
		{C9A243E5-6443-4A00-ACAC-C20A61286264}.Release|Any CPU.ActiveCfg = Release|Any CPU
		{C9A243E5-6443-4A00-ACAC-C20A61286264}.Release|Any CPU.Build.0 = Release|Any CPU
		{C9A243E5-6443-4A00-ACAC-C20A61286264}.Release|x64.ActiveCfg = Release|x64
		{C9A243E5-6443-4A00-ACAC-C20A61286264}.Release|x64.Build.0 = Release|x64
		{C9A243E5-6443-4A00-ACAC-C20A61286264}.Release|x86.ActiveCfg = Release|x86
		{C9A243E5-6443-4A00-ACAC-C20A61286264}.Release|x86.Build.0 = Release|x86
		{1E05C6E2-F8DA-495C-988D-2566B52E05A6}.Debug|Any CPU.ActiveCfg = Debug|x86
		{1E05C6E2-F8DA-495C-988D-2566B52E05A6}.Debug|x64.ActiveCfg = Debug|x64
		{1E05C6E2-F8DA-495C-988D-2566B52E05A6}.Debug|x64.Build.0 = Debug|x64
		{1E05C6E2-F8DA-495C-988D-2566B52E05A6}.Debug|x86.ActiveCfg = Debug|x86
		{1E05C6E2-F8DA-495C-988D-2566B52E05A6}.Debug|x86.Build.0 = Debug|x86
		{1E05C6E2-F8DA-495C-988D-2566B52E05A6}.Release|Any CPU.ActiveCfg = Release|x86
		{1E05C6E2-F8DA-495C-988D-2566B52E05A6}.Release|x64.ActiveCfg = Release|x64
		{1E05C6E2-F8DA-495C-988D-2566B52E05A6}.Release|x64.Build.0 = Release|x64
		{1E05C6E2-F8DA-495C-988D-2566B52E05A6}.Release|x86.ActiveCfg = Release|x86
		{1E05C6E2-F8DA-495C-988D-2566B52E05A6}.Release|x86.Build.0 = Release|x86
		{9B270774-3850-4C23-ABCF-587BCFFF4844}.Debug|Any CPU.ActiveCfg = Debug|Any CPU
		{9B270774-3850-4C23-ABCF-587BCFFF4844}.Debug|Any CPU.Build.0 = Debug|Any CPU
		{9B270774-3850-4C23-ABCF-587BCFFF4844}.Debug|x64.ActiveCfg = Debug|Any CPU
		{9B270774-3850-4C23-ABCF-587BCFFF4844}.Debug|x64.Build.0 = Debug|Any CPU
		{9B270774-3850-4C23-ABCF-587BCFFF4844}.Debug|x86.ActiveCfg = Debug|Any CPU
		{9B270774-3850-4C23-ABCF-587BCFFF4844}.Debug|x86.Build.0 = Debug|Any CPU
		{9B270774-3850-4C23-ABCF-587BCFFF4844}.Release|Any CPU.ActiveCfg = Release|Any CPU
		{9B270774-3850-4C23-ABCF-587BCFFF4844}.Release|Any CPU.Build.0 = Release|Any CPU
		{9B270774-3850-4C23-ABCF-587BCFFF4844}.Release|x64.ActiveCfg = Release|Any CPU
		{9B270774-3850-4C23-ABCF-587BCFFF4844}.Release|x64.Build.0 = Release|Any CPU
		{9B270774-3850-4C23-ABCF-587BCFFF4844}.Release|x86.ActiveCfg = Release|Any CPU
		{9B270774-3850-4C23-ABCF-587BCFFF4844}.Release|x86.Build.0 = Release|Any CPU
		{24E5774C-1B7C-4462-9F2A-33112FE6CC42}.Debug|Any CPU.ActiveCfg = Debug|Any CPU
		{24E5774C-1B7C-4462-9F2A-33112FE6CC42}.Debug|Any CPU.Build.0 = Debug|Any CPU
		{24E5774C-1B7C-4462-9F2A-33112FE6CC42}.Debug|x64.ActiveCfg = Debug|Any CPU
		{24E5774C-1B7C-4462-9F2A-33112FE6CC42}.Debug|x64.Build.0 = Debug|Any CPU
		{24E5774C-1B7C-4462-9F2A-33112FE6CC42}.Debug|x86.ActiveCfg = Debug|Any CPU
		{24E5774C-1B7C-4462-9F2A-33112FE6CC42}.Debug|x86.Build.0 = Debug|Any CPU
		{24E5774C-1B7C-4462-9F2A-33112FE6CC42}.Release|Any CPU.ActiveCfg = Release|Any CPU
		{24E5774C-1B7C-4462-9F2A-33112FE6CC42}.Release|Any CPU.Build.0 = Release|Any CPU
		{24E5774C-1B7C-4462-9F2A-33112FE6CC42}.Release|x64.ActiveCfg = Release|Any CPU
		{24E5774C-1B7C-4462-9F2A-33112FE6CC42}.Release|x64.Build.0 = Release|Any CPU
		{24E5774C-1B7C-4462-9F2A-33112FE6CC42}.Release|x86.ActiveCfg = Release|Any CPU
		{24E5774C-1B7C-4462-9F2A-33112FE6CC42}.Release|x86.Build.0 = Release|Any CPU
		{8A884468-6D03-4C33-B998-1224C6D83E00}.Debug|Any CPU.ActiveCfg = Debug|Any CPU
		{8A884468-6D03-4C33-B998-1224C6D83E00}.Debug|Any CPU.Build.0 = Debug|Any CPU
		{8A884468-6D03-4C33-B998-1224C6D83E00}.Debug|x64.ActiveCfg = Debug|Any CPU
		{8A884468-6D03-4C33-B998-1224C6D83E00}.Debug|x64.Build.0 = Debug|Any CPU
		{8A884468-6D03-4C33-B998-1224C6D83E00}.Debug|x86.ActiveCfg = Debug|Any CPU
		{8A884468-6D03-4C33-B998-1224C6D83E00}.Debug|x86.Build.0 = Debug|Any CPU
		{8A884468-6D03-4C33-B998-1224C6D83E00}.Release|Any CPU.ActiveCfg = Release|Any CPU
		{8A884468-6D03-4C33-B998-1224C6D83E00}.Release|Any CPU.Build.0 = Release|Any CPU
		{8A884468-6D03-4C33-B998-1224C6D83E00}.Release|x64.ActiveCfg = Release|Any CPU
		{8A884468-6D03-4C33-B998-1224C6D83E00}.Release|x64.Build.0 = Release|Any CPU
		{8A884468-6D03-4C33-B998-1224C6D83E00}.Release|x86.ActiveCfg = Release|Any CPU
		{8A884468-6D03-4C33-B998-1224C6D83E00}.Release|x86.Build.0 = Release|Any CPU
		{5051C74D-25AB-4F5A-8D0B-DBBD4428C602}.Debug|Any CPU.ActiveCfg = Debug|Any CPU
		{5051C74D-25AB-4F5A-8D0B-DBBD4428C602}.Debug|Any CPU.Build.0 = Debug|Any CPU
		{5051C74D-25AB-4F5A-8D0B-DBBD4428C602}.Debug|x64.ActiveCfg = Debug|Any CPU
		{5051C74D-25AB-4F5A-8D0B-DBBD4428C602}.Debug|x64.Build.0 = Debug|Any CPU
		{5051C74D-25AB-4F5A-8D0B-DBBD4428C602}.Debug|x86.ActiveCfg = Debug|Any CPU
		{5051C74D-25AB-4F5A-8D0B-DBBD4428C602}.Debug|x86.Build.0 = Debug|Any CPU
		{5051C74D-25AB-4F5A-8D0B-DBBD4428C602}.Release|Any CPU.ActiveCfg = Release|Any CPU
		{5051C74D-25AB-4F5A-8D0B-DBBD4428C602}.Release|Any CPU.Build.0 = Release|Any CPU
		{5051C74D-25AB-4F5A-8D0B-DBBD4428C602}.Release|x64.ActiveCfg = Release|Any CPU
		{5051C74D-25AB-4F5A-8D0B-DBBD4428C602}.Release|x64.Build.0 = Release|Any CPU
		{5051C74D-25AB-4F5A-8D0B-DBBD4428C602}.Release|x86.ActiveCfg = Release|Any CPU
		{5051C74D-25AB-4F5A-8D0B-DBBD4428C602}.Release|x86.Build.0 = Release|Any CPU
		{FD978BE4-F1D9-41FC-954E-0197401310C1}.Debug|Any CPU.ActiveCfg = Debug|Any CPU
		{FD978BE4-F1D9-41FC-954E-0197401310C1}.Debug|Any CPU.Build.0 = Debug|Any CPU
		{FD978BE4-F1D9-41FC-954E-0197401310C1}.Debug|x64.ActiveCfg = Debug|Any CPU
		{FD978BE4-F1D9-41FC-954E-0197401310C1}.Debug|x64.Build.0 = Debug|Any CPU
		{FD978BE4-F1D9-41FC-954E-0197401310C1}.Debug|x86.ActiveCfg = Debug|Any CPU
		{FD978BE4-F1D9-41FC-954E-0197401310C1}.Debug|x86.Build.0 = Debug|Any CPU
		{FD978BE4-F1D9-41FC-954E-0197401310C1}.Release|Any CPU.ActiveCfg = Release|Any CPU
		{FD978BE4-F1D9-41FC-954E-0197401310C1}.Release|Any CPU.Build.0 = Release|Any CPU
		{FD978BE4-F1D9-41FC-954E-0197401310C1}.Release|x64.ActiveCfg = Release|Any CPU
		{FD978BE4-F1D9-41FC-954E-0197401310C1}.Release|x64.Build.0 = Release|Any CPU
		{FD978BE4-F1D9-41FC-954E-0197401310C1}.Release|x86.ActiveCfg = Release|Any CPU
		{FD978BE4-F1D9-41FC-954E-0197401310C1}.Release|x86.Build.0 = Release|Any CPU
		{11175E3F-FAC6-44DE-BCB3-A6FD09E49009}.Debug|Any CPU.ActiveCfg = Debug|Any CPU
		{11175E3F-FAC6-44DE-BCB3-A6FD09E49009}.Debug|Any CPU.Build.0 = Debug|Any CPU
		{11175E3F-FAC6-44DE-BCB3-A6FD09E49009}.Debug|x64.ActiveCfg = Debug|Any CPU
		{11175E3F-FAC6-44DE-BCB3-A6FD09E49009}.Debug|x64.Build.0 = Debug|Any CPU
		{11175E3F-FAC6-44DE-BCB3-A6FD09E49009}.Debug|x86.ActiveCfg = Debug|Any CPU
		{11175E3F-FAC6-44DE-BCB3-A6FD09E49009}.Debug|x86.Build.0 = Debug|Any CPU
		{11175E3F-FAC6-44DE-BCB3-A6FD09E49009}.Release|Any CPU.ActiveCfg = Release|Any CPU
		{11175E3F-FAC6-44DE-BCB3-A6FD09E49009}.Release|Any CPU.Build.0 = Release|Any CPU
		{11175E3F-FAC6-44DE-BCB3-A6FD09E49009}.Release|x64.ActiveCfg = Release|Any CPU
		{11175E3F-FAC6-44DE-BCB3-A6FD09E49009}.Release|x64.Build.0 = Release|Any CPU
		{11175E3F-FAC6-44DE-BCB3-A6FD09E49009}.Release|x86.ActiveCfg = Release|Any CPU
		{11175E3F-FAC6-44DE-BCB3-A6FD09E49009}.Release|x86.Build.0 = Release|Any CPU
		{570B8FBA-BAAF-41BA-A5CB-6733A1855270}.Debug|Any CPU.ActiveCfg = Debug|Any CPU
		{570B8FBA-BAAF-41BA-A5CB-6733A1855270}.Debug|Any CPU.Build.0 = Debug|Any CPU
		{570B8FBA-BAAF-41BA-A5CB-6733A1855270}.Debug|x64.ActiveCfg = Debug|Any CPU
		{570B8FBA-BAAF-41BA-A5CB-6733A1855270}.Debug|x64.Build.0 = Debug|Any CPU
		{570B8FBA-BAAF-41BA-A5CB-6733A1855270}.Debug|x86.ActiveCfg = Debug|Any CPU
		{570B8FBA-BAAF-41BA-A5CB-6733A1855270}.Debug|x86.Build.0 = Debug|Any CPU
		{570B8FBA-BAAF-41BA-A5CB-6733A1855270}.Release|Any CPU.ActiveCfg = Release|Any CPU
		{570B8FBA-BAAF-41BA-A5CB-6733A1855270}.Release|Any CPU.Build.0 = Release|Any CPU
		{570B8FBA-BAAF-41BA-A5CB-6733A1855270}.Release|x64.ActiveCfg = Release|Any CPU
		{570B8FBA-BAAF-41BA-A5CB-6733A1855270}.Release|x64.Build.0 = Release|Any CPU
		{570B8FBA-BAAF-41BA-A5CB-6733A1855270}.Release|x86.ActiveCfg = Release|Any CPU
		{570B8FBA-BAAF-41BA-A5CB-6733A1855270}.Release|x86.Build.0 = Release|Any CPU
		{759CC293-5392-4CB0-BB52-32107030662B}.Debug|Any CPU.ActiveCfg = Debug|Any CPU
		{759CC293-5392-4CB0-BB52-32107030662B}.Debug|Any CPU.Build.0 = Debug|Any CPU
		{759CC293-5392-4CB0-BB52-32107030662B}.Debug|x64.ActiveCfg = Debug|Any CPU
		{759CC293-5392-4CB0-BB52-32107030662B}.Debug|x64.Build.0 = Debug|Any CPU
		{759CC293-5392-4CB0-BB52-32107030662B}.Debug|x86.ActiveCfg = Debug|Any CPU
		{759CC293-5392-4CB0-BB52-32107030662B}.Debug|x86.Build.0 = Debug|Any CPU
		{759CC293-5392-4CB0-BB52-32107030662B}.Release|Any CPU.ActiveCfg = Release|Any CPU
		{759CC293-5392-4CB0-BB52-32107030662B}.Release|Any CPU.Build.0 = Release|Any CPU
		{759CC293-5392-4CB0-BB52-32107030662B}.Release|x64.ActiveCfg = Release|Any CPU
		{759CC293-5392-4CB0-BB52-32107030662B}.Release|x64.Build.0 = Release|Any CPU
		{759CC293-5392-4CB0-BB52-32107030662B}.Release|x86.ActiveCfg = Release|Any CPU
		{759CC293-5392-4CB0-BB52-32107030662B}.Release|x86.Build.0 = Release|Any CPU
		{97C9DA12-BB48-4D63-A110-537261C1057B}.Debug|Any CPU.ActiveCfg = Debug|Any CPU
		{97C9DA12-BB48-4D63-A110-537261C1057B}.Debug|Any CPU.Build.0 = Debug|Any CPU
		{97C9DA12-BB48-4D63-A110-537261C1057B}.Debug|x64.ActiveCfg = Debug|Any CPU
		{97C9DA12-BB48-4D63-A110-537261C1057B}.Debug|x64.Build.0 = Debug|Any CPU
		{97C9DA12-BB48-4D63-A110-537261C1057B}.Debug|x86.ActiveCfg = Debug|Any CPU
		{97C9DA12-BB48-4D63-A110-537261C1057B}.Debug|x86.Build.0 = Debug|Any CPU
		{97C9DA12-BB48-4D63-A110-537261C1057B}.Release|Any CPU.ActiveCfg = Release|Any CPU
		{97C9DA12-BB48-4D63-A110-537261C1057B}.Release|Any CPU.Build.0 = Release|Any CPU
		{97C9DA12-BB48-4D63-A110-537261C1057B}.Release|x64.ActiveCfg = Release|Any CPU
		{97C9DA12-BB48-4D63-A110-537261C1057B}.Release|x64.Build.0 = Release|Any CPU
		{97C9DA12-BB48-4D63-A110-537261C1057B}.Release|x86.ActiveCfg = Release|Any CPU
		{97C9DA12-BB48-4D63-A110-537261C1057B}.Release|x86.Build.0 = Release|Any CPU
		{13BB7D2F-1F5B-433C-971D-36043909E5B0}.Debug|Any CPU.ActiveCfg = Debug|Any CPU
		{13BB7D2F-1F5B-433C-971D-36043909E5B0}.Debug|Any CPU.Build.0 = Debug|Any CPU
		{13BB7D2F-1F5B-433C-971D-36043909E5B0}.Debug|x64.ActiveCfg = Debug|Any CPU
		{13BB7D2F-1F5B-433C-971D-36043909E5B0}.Debug|x64.Build.0 = Debug|Any CPU
		{13BB7D2F-1F5B-433C-971D-36043909E5B0}.Debug|x86.ActiveCfg = Debug|Any CPU
		{13BB7D2F-1F5B-433C-971D-36043909E5B0}.Debug|x86.Build.0 = Debug|Any CPU
		{13BB7D2F-1F5B-433C-971D-36043909E5B0}.Release|Any CPU.ActiveCfg = Release|Any CPU
		{13BB7D2F-1F5B-433C-971D-36043909E5B0}.Release|Any CPU.Build.0 = Release|Any CPU
		{13BB7D2F-1F5B-433C-971D-36043909E5B0}.Release|x64.ActiveCfg = Release|Any CPU
		{13BB7D2F-1F5B-433C-971D-36043909E5B0}.Release|x64.Build.0 = Release|Any CPU
		{13BB7D2F-1F5B-433C-971D-36043909E5B0}.Release|x86.ActiveCfg = Release|Any CPU
		{13BB7D2F-1F5B-433C-971D-36043909E5B0}.Release|x86.Build.0 = Release|Any CPU
		{C43BCE58-18AA-4544-A1E0-C5407D1467A6}.Debug|Any CPU.ActiveCfg = Debug|Any CPU
		{C43BCE58-18AA-4544-A1E0-C5407D1467A6}.Debug|Any CPU.Build.0 = Debug|Any CPU
		{C43BCE58-18AA-4544-A1E0-C5407D1467A6}.Debug|x64.ActiveCfg = Debug|Any CPU
		{C43BCE58-18AA-4544-A1E0-C5407D1467A6}.Debug|x64.Build.0 = Debug|Any CPU
		{C43BCE58-18AA-4544-A1E0-C5407D1467A6}.Debug|x86.ActiveCfg = Debug|Any CPU
		{C43BCE58-18AA-4544-A1E0-C5407D1467A6}.Debug|x86.Build.0 = Debug|Any CPU
		{C43BCE58-18AA-4544-A1E0-C5407D1467A6}.Release|Any CPU.ActiveCfg = Release|Any CPU
		{C43BCE58-18AA-4544-A1E0-C5407D1467A6}.Release|Any CPU.Build.0 = Release|Any CPU
		{C43BCE58-18AA-4544-A1E0-C5407D1467A6}.Release|x64.ActiveCfg = Release|Any CPU
		{C43BCE58-18AA-4544-A1E0-C5407D1467A6}.Release|x64.Build.0 = Release|Any CPU
		{C43BCE58-18AA-4544-A1E0-C5407D1467A6}.Release|x86.ActiveCfg = Release|Any CPU
		{C43BCE58-18AA-4544-A1E0-C5407D1467A6}.Release|x86.Build.0 = Release|Any CPU
		{7DFFDC03-2CCB-44C6-B149-63F0A96330B4}.Debug|Any CPU.ActiveCfg = Debug|Any CPU
		{7DFFDC03-2CCB-44C6-B149-63F0A96330B4}.Debug|Any CPU.Build.0 = Debug|Any CPU
		{7DFFDC03-2CCB-44C6-B149-63F0A96330B4}.Debug|x64.ActiveCfg = Debug|Any CPU
		{7DFFDC03-2CCB-44C6-B149-63F0A96330B4}.Debug|x64.Build.0 = Debug|Any CPU
		{7DFFDC03-2CCB-44C6-B149-63F0A96330B4}.Debug|x86.ActiveCfg = Debug|Any CPU
		{7DFFDC03-2CCB-44C6-B149-63F0A96330B4}.Debug|x86.Build.0 = Debug|Any CPU
		{7DFFDC03-2CCB-44C6-B149-63F0A96330B4}.Release|Any CPU.ActiveCfg = Release|Any CPU
		{7DFFDC03-2CCB-44C6-B149-63F0A96330B4}.Release|Any CPU.Build.0 = Release|Any CPU
		{7DFFDC03-2CCB-44C6-B149-63F0A96330B4}.Release|x64.ActiveCfg = Release|Any CPU
		{7DFFDC03-2CCB-44C6-B149-63F0A96330B4}.Release|x64.Build.0 = Release|Any CPU
		{7DFFDC03-2CCB-44C6-B149-63F0A96330B4}.Release|x86.ActiveCfg = Release|Any CPU
		{7DFFDC03-2CCB-44C6-B149-63F0A96330B4}.Release|x86.Build.0 = Release|Any CPU
		{8B4D74C3-A5B7-404B-A768-55963593EAD2}.Debug|Any CPU.ActiveCfg = Debug|Any CPU
		{8B4D74C3-A5B7-404B-A768-55963593EAD2}.Debug|Any CPU.Build.0 = Debug|Any CPU
		{8B4D74C3-A5B7-404B-A768-55963593EAD2}.Debug|x64.ActiveCfg = Debug|Any CPU
		{8B4D74C3-A5B7-404B-A768-55963593EAD2}.Debug|x64.Build.0 = Debug|Any CPU
		{8B4D74C3-A5B7-404B-A768-55963593EAD2}.Debug|x86.ActiveCfg = Debug|Any CPU
		{8B4D74C3-A5B7-404B-A768-55963593EAD2}.Debug|x86.Build.0 = Debug|Any CPU
		{8B4D74C3-A5B7-404B-A768-55963593EAD2}.Release|Any CPU.ActiveCfg = Release|Any CPU
		{8B4D74C3-A5B7-404B-A768-55963593EAD2}.Release|Any CPU.Build.0 = Release|Any CPU
		{8B4D74C3-A5B7-404B-A768-55963593EAD2}.Release|x64.ActiveCfg = Release|Any CPU
		{8B4D74C3-A5B7-404B-A768-55963593EAD2}.Release|x64.Build.0 = Release|Any CPU
		{8B4D74C3-A5B7-404B-A768-55963593EAD2}.Release|x86.ActiveCfg = Release|Any CPU
		{8B4D74C3-A5B7-404B-A768-55963593EAD2}.Release|x86.Build.0 = Release|Any CPU
	EndGlobalSection
	GlobalSection(SolutionProperties) = preSolution
		HideSolutionNode = FALSE
	EndGlobalSection
	GlobalSection(NestedProjects) = preSolution
		{353EAF8B-CDFD-4216-BE5A-1D44CA2583EC} = {C212CC42-E145-4A81-A3FC-47AB12168AE3}
		{6EEBBC22-F44C-400D-8FBB-2E42960D287B} = {C212CC42-E145-4A81-A3FC-47AB12168AE3}
		{C9A243E5-6443-4A00-ACAC-C20A61286264} = {932C9858-8425-485E-8AC3-A4550556D1EE}
		{1E05C6E2-F8DA-495C-988D-2566B52E05A6} = {932C9858-8425-485E-8AC3-A4550556D1EE}
		{9B270774-3850-4C23-ABCF-587BCFFF4844} = {0375FFB5-1AD8-422F-8D7B-91B8FF152018}
		{759CC293-5392-4CB0-BB52-32107030662B} = {99E23C7A-3483-4963-BC40-DE7062A45461}
		{97C9DA12-BB48-4D63-A110-537261C1057B} = {3094D470-6483-45FF-8185-97FD6671701D}
		{13BB7D2F-1F5B-433C-971D-36043909E5B0} = {3094D470-6483-45FF-8185-97FD6671701D}
		{C43BCE58-18AA-4544-A1E0-C5407D1467A6} = {3094D470-6483-45FF-8185-97FD6671701D}
		{7DFFDC03-2CCB-44C6-B149-63F0A96330B4} = {3094D470-6483-45FF-8185-97FD6671701D}
		{8B4D74C3-A5B7-404B-A768-55963593EAD2} = {99E23C7A-3483-4963-BC40-DE7062A45461}
	EndGlobalSection
	GlobalSection(ExtensibilityGlobals) = postSolution
		SolutionGuid = {0234B1FC-9955-4A16-8FF8-C33C830D1CA2}
	EndGlobalSection
EndGlobal
